
Microsoft Visual Studio Solution File, Format Version 12.00
# Visual Studio Version 17
VisualStudioVersion = 17.8.34330.188
MinimumVisualStudioVersion = 10.0.40219.1
Project("{FAE04EC0-301F-11D3-BF4B-00C04F79EFBC}") = "FinistGateway", "FinistGateway.csproj", "{51AEEEF3-C67A-408B-8229-9C44E7C9C6EA}"
EndProject
Global
	GlobalSection(SolutionConfigurationPlatforms) = preSolution
		Debug|Any CPU = Debug|Any CPU
		Release|Any CPU = Release|Any CPU
	EndGlobalSection
	GlobalSection(ProjectConfigurationPlatforms) = postSolution
		{51AEEEF3-C67A-408B-8229-9C44E7C9C6EA}.Debug|Any CPU.ActiveCfg = Debug|Any CPU
		{51AEEEF3-C67A-408B-8229-9C44E7C9C6EA}.Debug|Any CPU.Build.0 = Debug|Any CPU
		{51AEEEF3-C67A-408B-8229-9C44E7C9C6EA}.Release|Any CPU.ActiveCfg = Release|Any CPU
		{51AEEEF3-C67A-408B-8229-9C44E7C9C6EA}.Release|Any CPU.Build.0 = Release|Any CPU
	EndGlobalSection
	GlobalSection(SolutionProperties) = preSolution
		HideSolutionNode = FALSE
	EndGlobalSection
	GlobalSection(ExtensibilityGlobals) = postSolution
		SolutionGuid = {63867F24-5921-4CE4-8BA3-9573AE9C3531}
	EndGlobalSection
EndGlobal
